Microsoft Visual Studio Solution File, Format Version 11.00
# Visual Studio 2008

Project("{34653243-5CF7-976D-74B5-A3B09F9A47E8}") = "Big Nut", "Assembly-CSharp-firstpass.csproj", "{C62766C2-380A-EA58-4B89-D98F79EEF609}"
EndProject
Project("{34653243-5CF7-976D-74B5-A3B09F9A47E8}") = "Big Nut", "Assembly-CSharp.csproj", "{B878D97C-517A-1F99-B4BE-4B45AFC7B7BF}"
EndProject
Project("{34653243-5CF7-976D-74B5-A3B09F9A47E8}") = "Big Nut", "Assembly-CSharp-Editor.csproj", "{7E2E3FF7-5E0F-45EB-A6F2-C4BDF6DD797E}"
EndProject
Global
	GlobalSection(SolutionConfigurationPlatforms) = preSolution
		Debug|Any CPU = Debug|Any CPU
		Release|Any CPU = Release|Any CPU
	EndGlobalSection
	GlobalSection(ProjectConfigurationPlatforms) = postSolution
		{C62766C2-380A-EA58-4B89-D98F79EEF609}.Debug|Any CPU.ActiveCfg = Debug|Any CPU
		{C62766C2-380A-EA58-4B89-D98F79EEF609}.Debug|Any CPU.Build.0 = Debug|Any CPU
		{C62766C2-380A-EA58-4B89-D98F79EEF609}.Release|Any CPU.ActiveCfg = Release|Any CPU
		{C62766C2-380A-EA58-4B89-D98F79EEF609}.Release|Any CPU.Build.0 = Release|Any CPU
		{B878D97C-517A-1F99-B4BE-4B45AFC7B7BF}.Debug|Any CPU.ActiveCfg = Debug|Any CPU
		{B878D97C-517A-1F99-B4BE-4B45AFC7B7BF}.Debug|Any CPU.Build.0 = Debug|Any CPU
		{B878D97C-517A-1F99-B4BE-4B45AFC7B7BF}.Release|Any CPU.ActiveCfg = Release|Any CPU
		{B878D97C-517A-1F99-B4BE-4B45AFC7B7BF}.Release|Any CPU.Build.0 = Release|Any CPU
		{7E2E3FF7-5E0F-45EB-A6F2-C4BDF6DD797E}.Debug|Any CPU.ActiveCfg = Debug|Any CPU
		{7E2E3FF7-5E0F-45EB-A6F2-C4BDF6DD797E}.Debug|Any CPU.Build.0 = Debug|Any CPU
		{7E2E3FF7-5E0F-45EB-A6F2-C4BDF6DD797E}.Release|Any CPU.ActiveCfg = Release|Any CPU
		{7E2E3FF7-5E0F-45EB-A6F2-C4BDF6DD797E}.Release|Any CPU.Build.0 = Release|Any CPU
	EndGlobalSection
	GlobalSection(SolutionProperties) = preSolution
		HideSolutionNode = FALSE
	EndGlobalSection
	GlobalSection(MonoDevelopProperties) = preSolution
		StartupItem = Assembly-CSharp.csproj
	EndGlobalSection
EndGlobal
